
Microsoft Visual Studio Solution File, Format Version 12.00
# Visual Studio 15
VisualStudioVersion = 15.0.28307.539
MinimumVisualStudioVersion = 10.0.40219.1
Project("{FAE04EC0-301F-11D3-BF4B-00C04F79EFBC}") = "OnlineCv.WebUI", "OnlineCv.WebUI\OnlineCv.WebUI.csproj", "{EC1F4F82-8762-419E-A23A-184CB1D7F445}"
EndProject
Global
	GlobalSection(SolutionConfigurationPlatforms) = preSolution
		Debug|Any CPU = Debug|Any CPU
		Release|Any CPU = Release|Any CPU
	EndGlobalSection
	GlobalSection(ProjectConfigurationPlatforms) = postSolution
		{EC1F4F82-8762-419E-A23A-184CB1D7F445}.Debug|Any CPU.ActiveCfg = Debug|Any CPU
		{EC1F4F82-8762-419E-A23A-184CB1D7F445}.Debug|Any CPU.Build.0 = Debug|Any CPU
		{EC1F4F82-8762-419E-A23A-184CB1D7F445}.Release|Any CPU.ActiveCfg = Release|Any CPU
		{EC1F4F82-8762-419E-A23A-184CB1D7F445}.Release|Any CPU.Build.0 = Release|Any CPU
	EndGlobalSection
	GlobalSection(SolutionProperties) = preSolution
		HideSolutionNode = FALSE
	EndGlobalSection
	GlobalSection(ExtensibilityGlobals) = postSolution
		SolutionGuid = {2C9BF53F-9A96-4925-A150-96F343D68CFE}
	EndGlobalSection
EndGlobal
